
Microsoft Visual Studio Solution File, Format Version 12.00
# Visual Studio Version 17
VisualStudioVersion = 17.9.34728.123
MinimumVisualStudioVersion = 10.0.40219.1
Project("{FAE04EC0-301F-11D3-BF4B-00C04F79EFBC}") = "LAB4-practica", "LAB4-practica\LAB4-practica.csproj", "{49E97CC5-76F8-4DAA-A471-278164A1A880}"
EndProject
Project("{FAE04EC0-301F-11D3-BF4B-00C04F79EFBC}") = "Application", "Application\Application.csproj", "{083641D9-9988-448A-BC95-29AEDCEE1FB3}"
EndProject
Project("{FAE04EC0-301F-11D3-BF4B-00C04F79EFBC}") = "Domain", "Domain\Domain.csproj", "{218CFD49-C3B2-4232-8C1D-BB73EB1A04E5}"
EndProject
Project("{FAE04EC0-301F-11D3-BF4B-00C04F79EFBC}") = "Infraestructure", "Infraestructure\Infraestructure.csproj", "{8A980B7A-C1EE-4938-80AF-F0B1BCFA52BC}"
EndProject
Global
	GlobalSection(SolutionConfigurationPlatforms) = preSolution
		Debug|Any CPU = Debug|Any CPU
		Release|Any CPU = Release|Any CPU
	EndGlobalSection
	GlobalSection(ProjectConfigurationPlatforms) = postSolution
		{49E97CC5-76F8-4DAA-A471-278164A1A880}.Debug|Any CPU.ActiveCfg = Debug|Any CPU
		{49E97CC5-76F8-4DAA-A471-278164A1A880}.Debug|Any CPU.Build.0 = Debug|Any CPU
		{49E97CC5-76F8-4DAA-A471-278164A1A880}.Release|Any CPU.ActiveCfg = Release|Any CPU
		{49E97CC5-76F8-4DAA-A471-278164A1A880}.Release|Any CPU.Build.0 = Release|Any CPU
		{083641D9-9988-448A-BC95-29AEDCEE1FB3}.Debug|Any CPU.ActiveCfg = Debug|Any CPU
		{083641D9-9988-448A-BC95-29AEDCEE1FB3}.Debug|Any CPU.Build.0 = Debug|Any CPU
		{083641D9-9988-448A-BC95-29AEDCEE1FB3}.Release|Any CPU.ActiveCfg = Release|Any CPU
		{083641D9-9988-448A-BC95-29AEDCEE1FB3}.Release|Any CPU.Build.0 = Release|Any CPU
		{218CFD49-C3B2-4232-8C1D-BB73EB1A04E5}.Debug|Any CPU.ActiveCfg = Debug|Any CPU
		{218CFD49-C3B2-4232-8C1D-BB73EB1A04E5}.Debug|Any CPU.Build.0 = Debug|Any CPU
		{218CFD49-C3B2-4232-8C1D-BB73EB1A04E5}.Release|Any CPU.ActiveCfg = Release|Any CPU
		{218CFD49-C3B2-4232-8C1D-BB73EB1A04E5}.Release|Any CPU.Build.0 = Release|Any CPU
		{8A980B7A-C1EE-4938-80AF-F0B1BCFA52BC}.Debug|Any CPU.ActiveCfg = Debug|Any CPU
		{8A980B7A-C1EE-4938-80AF-F0B1BCFA52BC}.Debug|Any CPU.Build.0 = Debug|Any CPU
		{8A980B7A-C1EE-4938-80AF-F0B1BCFA52BC}.Release|Any CPU.ActiveCfg = Release|Any CPU
		{8A980B7A-C1EE-4938-80AF-F0B1BCFA52BC}.Release|Any CPU.Build.0 = Release|Any CPU
	EndGlobalSection
	GlobalSection(SolutionProperties) = preSolution
		HideSolutionNode = FALSE
	EndGlobalSection
	GlobalSection(ExtensibilityGlobals) = postSolution
		SolutionGuid = {49B881E2-70D0-48AD-AD7E-C0EE375D6BE1}
	EndGlobalSection
EndGlobal
